// !$*UTF8*$!
{
	archiveVersion = 1;
	classes = {
	};
	objectVersion = 52;
	objects = {

/* Begin PBXBuildFile section */
		916658E526410FE39427885D /* Pods_FeelChat.framework in Frameworks */ = {isa = PBXBuildFile; fileRef = AC05D838C86A6AC1F758CB76 /* Pods_FeelChat.framework */; };
		F01DBBA82674C32A00034F3C /* GoogleService-Info.plist in Resources */ = {isa = PBXBuildFile; fileRef = F01DBBA72674C32A00034F3C /* GoogleService-Info.plist */; };
		F01DBBBD2674F9B600034F3C /* RegisterViewController.swift in Sources */ = {isa = PBXBuildFile; fileRef = F01DBBBC2674F9B600034F3C /* RegisterViewController.swift */; };
		F01DBBC02674F9DE00034F3C /* LoginViewController.swift in Sources */ = {isa = PBXBuildFile; fileRef = F01DBBBF2674F9DE00034F3C /* LoginViewController.swift */; };
		F01DBBC32674FA1300034F3C /* ChatViewController.swift in Sources */ = {isa = PBXBuildFile; fileRef = F01DBBC22674FA1300034F3C /* ChatViewController.swift */; };
		F01DBBC72675D25F00034F3C /* Constants.swift in Sources */ = {isa = PBXBuildFile; fileRef = F01DBBC62675D25F00034F3C /* Constants.swift */; };
		F01DBBCE2675F2CB00034F3C /* Messages.swift in Sources */ = {isa = PBXBuildFile; fileRef = F01DBBCD2675F2CB00034F3C /* Messages.swift */; };
		F01DBBD926760A4500034F3C /* MessageCell.swift in Sources */ = {isa = PBXBuildFile; fileRef = F01DBBD726760A4500034F3C /* MessageCell.swift */; };
		F01DBBDA26760A4500034F3C /* MessageCell.xib in Resources */ = {isa = PBXBuildFile; fileRef = F01DBBD826760A4500034F3C /* MessageCell.xib */; };
		F01DBBDE26765AC100034F3C /* IQKeyboardManagerSwift in Frameworks */ = {isa = PBXBuildFile; productRef = F01DBBDD26765AC100034F3C /* IQKeyboardManagerSwift */; };
		F0BB30912671150200EC3DE3 /* AppDelegate.swift in Sources */ = {isa = PBXBuildFile; fileRef = F0BB30902671150200EC3DE3 /* AppDelegate.swift */; };
		F0BB30932671150200EC3DE3 /* SceneDelegate.swift in Sources */ = {isa = PBXBuildFile; fileRef = F0BB30922671150200EC3DE3 /* SceneDelegate.swift */; };
		F0BB30952671150200EC3DE3 /* ViewController.swift in Sources */ = {isa = PBXBuildFile; fileRef = F0BB30942671150200EC3DE3 /* ViewController.swift */; };
		F0BB30982671150200EC3DE3 /* Main.storyboard in Resources */ = {isa = PBXBuildFile; fileRef = F0BB30962671150200EC3DE3 /* Main.storyboard */; };
		F0BB309A2671150500EC3DE3 /* Assets.xcassets in Resources */ = {isa = PBXBuildFile; fileRef = F0BB30992671150500EC3DE3 /* Assets.xcassets */; };
		F0BB309D2671150500EC3DE3 /* LaunchScreen.storyboard in Resources */ = {isa = PBXBuildFile; fileRef = F0BB309B2671150500EC3DE3 /* LaunchScreen.storyboard */; };
/* End PBXBuildFile section */

/* Begin PBXFileReference section */
		87A19CF6A5876F3A23A8D2AD /* Pods-FeelChat.debug.xcconfig */ = {isa = PBXFileReference; includeInIndex = 1; lastKnownFileType = text.xcconfig; name = "Pods-FeelChat.debug.xcconfig"; path = "Target Support Files/Pods-FeelChat/Pods-FeelChat.debug.xcconfig"; sourceTree = "<group>"; };
		91A8CB6C0E6E4149F63DC19F /* Pods-FeelChat.release.xcconfig */ = {isa = PBXFileReference; includeInIndex = 1; lastKnownFileType = text.xcconfig; name = "Pods-FeelChat.release.xcconfig"; path = "Target Support Files/Pods-FeelChat/Pods-FeelChat.release.xcconfig"; sourceTree = "<group>"; };
		AC05D838C86A6AC1F758CB76 /* Pods_FeelChat.framework */ = {isa = PBXFileReference; explicitFileType = wrapper.framework; includeInIndex = 0; path = Pods_FeelChat.framework; sourceTree = BUILT_PRODUCTS_DIR; };
		F01DBBA72674C32A00034F3C /* GoogleService-Info.plist */ = {isa = PBXFileReference; fileEncoding = 4; lastKnownFileType = text.plist.xml; path = "GoogleService-Info.plist"; sourceTree = "<group>"; };
		F01DBBBC2674F9B600034F3C /* RegisterViewController.swift */ = {isa = PBXFileReference; lastKnownFileType = sourcecode.swift; path = RegisterViewController.swift; sourceTree = "<group>"; };
		F01DBBBF2674F9DE00034F3C /* LoginViewController.swift */ = {isa = PBXFileReference; lastKnownFileType = sourcecode.swift; path = LoginViewController.swift; sourceTree = "<group>"; };
		F01DBBC22674FA1300034F3C /* ChatViewController.swift */ = {isa = PBXFileReference; lastKnownFileType = sourcecode.swift; path = ChatViewController.swift; sourceTree = "<group>"; };
		F01DBBC62675D25F00034F3C /* Constants.swift */ = {isa = PBXFileReference; lastKnownFileType = sourcecode.swift; path = Constants.swift; sourceTree = "<group>"; };
		F01DBBCD2675F2CB00034F3C /* Messages.swift */ = {isa = PBXFileReference; lastKnownFileType = sourcecode.swift; path = Messages.swift; sourceTree = "<group>"; };
		F01DBBD726760A4500034F3C /* MessageCell.swift */ = {isa = PBXFileReference; lastKnownFileType = sourcecode.swift; name = MessageCell.swift; path = FeelChat/Controllers/MessageCell.swift; sourceTree = SOURCE_ROOT; };
		F01DBBD826760A4500034F3C /* MessageCell.xib */ = {isa = PBXFileReference; lastKnownFileType = file.xib; name = MessageCell.xib; path = FeelChat/Controllers/MessageCell.xib; sourceTree = SOURCE_ROOT; };
		F0BB308D2671150200EC3DE3 /* FeelChat.app */ = {isa = PBXFileReference; explicitFileType = wrapper.application; includeInIndex = 0; path = FeelChat.app; sourceTree = BUILT_PRODUCTS_DIR; };
		F0BB30902671150200EC3DE3 /* AppDelegate.swift */ = {isa = PBXFileReference; lastKnownFileType = sourcecode.swift; path = AppDelegate.swift; sourceTree = "<group>"; };
		F0BB30922671150200EC3DE3 /* SceneDelegate.swift */ = {isa = PBXFileReference; lastKnownFileType = sourcecode.swift; path = SceneDelegate.swift; sourceTree = "<group>"; };
		F0BB30942671150200EC3DE3 /* ViewController.swift */ = {isa = PBXFileReference; lastKnownFileType = sourcecode.swift; path = ViewController.swift; sourceTree = "<group>"; };
		F0BB30972671150200EC3DE3 /* Base */ = {isa = PBXFileReference; lastKnownFileType = file.storyboard; name = Base; path = Base.lproj/Main.storyboard; sourceTree = "<group>"; };
		F0BB30992671150500EC3DE3 /* Assets.xcassets */ = {isa = PBXFileReference; lastKnownFileType = folder.assetcatalog; path = Assets.xcassets; sourceTree = "<group>"; };
		F0BB309C2671150500EC3DE3 /* Base */ = {isa = PBXFileReference; lastKnownFileType = file.storyboard; name = Base; path = Base.lproj/LaunchScreen.storyboard; sourceTree = "<group>"; };
/* End PBXFileReference section */

/* Begin PBXFrameworksBuildPhase section */
		F0BB308A2671150200EC3DE3 /* Frameworks */ = {
			isa = PBXFrameworksBuildPhase;
			buildActionMask = 2147483647;
			files = (
				916658E526410FE39427885D /* Pods_FeelChat.framework in Frameworks */,
				F01DBBDE26765AC100034F3C /* IQKeyboardManagerSwift in Frameworks */,
			);
			runOnlyForDeploymentPostprocessing = 0;
		};
/* End PBXFrameworksBuildPhase section */

/* Begin PBXGroup section */
		B24D1B53EDB8CF237E4268FA /* Frameworks */ = {
			isa = PBXGroup;
			children = (
				AC05D838C86A6AC1F758CB76 /* Pods_FeelChat.framework */,
			);
			name = Frameworks;
			sourceTree = "<group>";
		};
		CC34F389863D92AA36720242 /* Pods */ = {
			isa = PBXGroup;
			children = (
				87A19CF6A5876F3A23A8D2AD /* Pods-FeelChat.debug.xcconfig */,
				91A8CB6C0E6E4149F63DC19F /* Pods-FeelChat.release.xcconfig */,
			);
			path = Pods;
			sourceTree = "<group>";
		};
		F01DBBD12675F2D400034F3C /* Model */ = {
			isa = PBXGroup;
			children = (
				F01DBBCD2675F2CB00034F3C /* Messages.swift */,
			);
			path = Model;
			sourceTree = "<group>";
		};
		F0BB30842671150200EC3DE3 = {
			isa = PBXGroup;
			children = (
				F0BB308F2671150200EC3DE3 /* FeelChat */,
				F01DBBA72674C32A00034F3C /* GoogleService-Info.plist */,
				F01DBBC62675D25F00034F3C /* Constants.swift */,
				F0BB308E2671150200EC3DE3 /* Products */,
				CC34F389863D92AA36720242 /* Pods */,
				B24D1B53EDB8CF237E4268FA /* Frameworks */,
			);
			sourceTree = "<group>";
		};
		F0BB308E2671150200EC3DE3 /* Products */ = {
			isa = PBXGroup;
			children = (
				F0BB308D2671150200EC3DE3 /* FeelChat.app */,
			);
			name = Products;
			sourceTree = "<group>";
		};
		F0BB308F2671150200EC3DE3 /* FeelChat */ = {
			isa = PBXGroup;
			children = (
				F0BB30902671150200EC3DE3 /* AppDelegate.swift */,
				F0BB30922671150200EC3DE3 /* SceneDelegate.swift */,
				F01DBBD12675F2D400034F3C /* Model */,
				F0BB30A8267115C300EC3DE3 /* Controllers */,
				F0BB30A52671155300EC3DE3 /* Views */,
				F0BB30A72671157300EC3DE3 /* Supporting files */,
			);
			path = FeelChat;
			sourceTree = "<group>";
		};
		F0BB30A52671155300EC3DE3 /* Views */ = {
			isa = PBXGroup;
			children = (
				F01DBBD726760A4500034F3C /* MessageCell.swift */,
				F01DBBD826760A4500034F3C /* MessageCell.xib */,
				F0BB30962671150200EC3DE3 /* Main.storyboard */,
			);
			path = Views;
			sourceTree = "<group>";
		};
		F0BB30A72671157300EC3DE3 /* Supporting files */ = {
			isa = PBXGroup;
			children = (
				F0BB30992671150500EC3DE3 /* Assets.xcassets */,
				F0BB309B2671150500EC3DE3 /* LaunchScreen.storyboard */,
			);
			path = "Supporting files";
			sourceTree = "<group>";
		};
		F0BB30A8267115C300EC3DE3 /* Controllers */ = {
			isa = PBXGroup;
			children = (
				F0BB30942671150200EC3DE3 /* ViewController.swift */,
				F01DBBBC2674F9B600034F3C /* RegisterViewController.swift */,
				F01DBBC22674FA1300034F3C /* ChatViewController.swift */,
				F01DBBBF2674F9DE00034F3C /* LoginViewController.swift */,
			);
			path = Controllers;
			sourceTree = "<group>";
		};
/* End PBXGroup section */

/* Begin PBXNativeTarget section */
		F0BB308C2671150200EC3DE3 /* FeelChat */ = {
			isa = PBXNativeTarget;
			buildConfigurationList = F0BB30A12671150500EC3DE3 /* Build configuration list for PBXNativeTarget "FeelChat" */;
			buildPhases = (
				D91C7A406D550A8BFDB7231A /* [CP] Check Pods Manifest.lock */,
				F0BB30892671150200EC3DE3 /* Sources */,
				F0BB308A2671150200EC3DE3 /* Frameworks */,
				F0BB308B2671150200EC3DE3 /* Resources */,
				885EB706B06FED7522D62657 /* [CP] Embed Pods Frameworks */,
			);
			buildRules = (
			);
			dependencies = (
			);
			name = FeelChat;
			packageProductDependencies = (
				F01DBBDD26765AC100034F3C /* IQKeyboardManagerSwift */,
			);
			productName = FeelChat;
			productReference = F0BB308D2671150200EC3DE3 /* FeelChat.app */;
			productType = "com.apple.product-type.application";
		};
/* End PBXNativeTarget section */

/* Begin PBXProject section */
		F0BB30852671150200EC3DE3 /* Project object */ = {
			isa = PBXProject;
			attributes = {
				LastSwiftUpdateCheck = 1240;
				LastUpgradeCheck = 1240;
				TargetAttributes = {
					F0BB308C2671150200EC3DE3 = {
						CreatedOnToolsVersion = 12.4;
					};
				};
			};
			buildConfigurationList = F0BB30882671150200EC3DE3 /* Build configuration list for PBXProject "FeelChat" */;
			compatibilityVersion = "Xcode 9.3";
			developmentRegion = en;
			hasScannedForEncodings = 0;
			knownRegions = (
				en,
				Base,
			);
			mainGroup = F0BB30842671150200EC3DE3;
			packageReferences = (
				F01DBBDC26765AC100034F3C /* XCRemoteSwiftPackageReference "IQKeyboardManager" */,
			);
			productRefGroup = F0BB308E2671150200EC3DE3 /* Products */;
			projectDirPath = "";
			projectRoot = "";
			targets = (
				F0BB308C2671150200EC3DE3 /* FeelChat */,
			);
		};
/* End PBXProject section */

/* Begin PBXResourcesBuildPhase section */
		F0BB308B2671150200EC3DE3 /* Resources */ = {
			isa = PBXResourcesBuildPhase;
			buildActionMask = 2147483647;
			files = (
				F01DBBDA26760A4500034F3C /* MessageCell.xib in Resources */,
				F0BB309D2671150500EC3DE3 /* LaunchScreen.storyboard in Resources */,
				F01DBBA82674C32A00034F3C /* GoogleService-Info.plist in Resources */,
				F0BB309A2671150500EC3DE3 /* Assets.xcassets in Resources */,
				F0BB30982671150200EC3DE3 /* Main.storyboard in Resources */,
			);
			runOnlyForDeploymentPostprocessing = 0;
		};
/* End PBXResourcesBuildPhase section */

/* Begin PBXShellScriptBuildPhase section */
		885EB706B06FED7522D62657 /* [CP] Embed Pods Frameworks */ = {
			isa = PBXShellScriptBuildPhase;
			buildActionMask = 2147483647;
			files = (
			);
			inputFileListPaths = (
				"${PODS_ROOT}/Target Support Files/Pods-FeelChat/Pods-FeelChat-frameworks-${CONFIGURATION}-input-files.xcfilelist",
			);
			name = "[CP] Embed Pods Frameworks";
			outputFileListPaths = (
				"${PODS_ROOT}/Target Support Files/Pods-FeelChat/Pods-FeelChat-frameworks-${CONFIGURATION}-output-files.xcfilelist",
			);
			runOnlyForDeploymentPostprocessing = 0;
			shellPath = /bin/sh;
			shellScript = "\"${PODS_ROOT}/Target Support Files/Pods-FeelChat/Pods-FeelChat-frameworks.sh\"\n";
			showEnvVarsInLog = 0;
		};
		D91C7A406D550A8BFDB7231A /* [CP] Check Pods Manifest.lock */ = {
			isa = PBXShellScriptBuildPhase;
			buildActionMask = 2147483647;
			files = (
			);
			inputFileListPaths = (
			);
			inputPaths = (
				"${PODS_PODFILE_DIR_PATH}/Podfile.lock",
				"${PODS_ROOT}/Manifest.lock",
			);
			name = "[CP] Check Pods Manifest.lock";
			outputFileListPaths = (
			);
			outputPaths = (
				"$(DERIVED_FILE_DIR)/Pods-FeelChat-checkManifestLockResult.txt",
			);
			runOnlyForDeploymentPostprocessing = 0;
			shellPath = /bin/sh;
			shellScript = "diff \"${PODS_PODFILE_DIR_PATH}/Podfile.lock\" \"${PODS_ROOT}/Manifest.lock\" > /dev/null\nif [ $? != 0 ] ; then\n    # print error to STDERR\n    echo \"error: The sandbox is not in sync with the Podfile.lock. Run 'pod install' or update your CocoaPods installation.\" >&2\n    exit 1\nfi\n# This output is used by Xcode 'outputs' to avoid re-running this script phase.\necho \"SUCCESS\" > \"${SCRIPT_OUTPUT_FILE_0}\"\n";
			showEnvVarsInLog = 0;
		};
/* End PBXShellScriptBuildPhase section */

/* Begin PBXSourcesBuildPhase section */
		F0BB30892671150200EC3DE3 /* Sources */ = {
			isa = PBXSourcesBuildPhase;
			buildActionMask = 2147483647;
			files = (
				F0BB30952671150200EC3DE3 /* ViewController.swift in Sources */,
				F01DBBCE2675F2CB00034F3C /* Messages.swift in Sources */,
				F0BB30912671150200EC3DE3 /* AppDelegate.swift in Sources */,
				F0BB30932671150200EC3DE3 /* SceneDelegate.swift in Sources */,
				F01DBBC02674F9DE00034F3C /* LoginViewController.swift in Sources */,
				F01DBBC72675D25F00034F3C /* Constants.swift in Sources */,
				F01DBBC32674FA1300034F3C /* ChatViewController.swift in Sources */,
				F01DBBBD2674F9B600034F3C /* RegisterViewController.swift in Sources */,
				F01DBBD926760A4500034F3C /* MessageCell.swift in Sources */,
			);
			runOnlyForDeploymentPostprocessing = 0;
		};
/* End PBXSourcesBuildPhase section */

/* Begin PBXVariantGroup section */
		F0BB30962671150200EC3DE3 /* Main.storyboard */ = {
			isa = PBXVariantGroup;
			children = (
				F0BB30972671150200EC3DE3 /* Base */,
			);
			name = Main.storyboard;
			sourceTree = "<group>";
		};
		F0BB309B2671150500EC3DE3 /* LaunchScreen.storyboard */ = {
			isa = PBXVariantGroup;
			children = (
				F0BB309C2671150500EC3DE3 /* Base */,
			);
			name = LaunchScreen.storyboard;
			sourceTree = "<group>";
		};
/* End PBXVariantGroup section */

/* Begin XCBuildConfiguration section */
		F0BB309F2671150500EC3DE3 /* Debug */ = {
			isa = XCBuildConfiguration;
			buildSettings = {
				ALWAYS_SEARCH_USER_PATHS = NO;
				CLANG_ANALYZER_NONNULL = YES;
				CLANG_ANALYZER_NUMBER_OBJECT_CONVERSION = YES_AGGRESSIVE;
				CLANG_CXX_LANGUAGE_STANDARD = "gnu++14";
				CLANG_CXX_LIBRARY = "libc++";
				CLANG_ENABLE_MODULES = YES;
				CLANG_ENABLE_OBJC_ARC = YES;
				CLANG_ENABLE_OBJC_WEAK = YES;
				CLANG_WARN_BLOCK_CAPTURE_AUTORELEASING = YES;
				CLANG_WARN_BOOL_CONVERSION = YES;
				CLANG_WARN_COMMA = YES;
				CLANG_WARN_CONSTANT_CONVERSION = YES;
				CLANG_WARN_DEPRECATED_OBJC_IMPLEMENTATIONS = YES;
				CLANG_WARN_DIRECT_OBJC_ISA_USAGE = YES_ERROR;
				CLANG_WARN_DOCUMENTATION_COMMENTS = YES;
				CLANG_WARN_EMPTY_BODY = YES;
				CLANG_WARN_ENUM_CONVERSION = YES;
				CLANG_WARN_INFINITE_RECURSION = YES;
				CLANG_WARN_INT_CONVERSION = YES;
				CLANG_WARN_NON_LITERAL_NULL_CONVERSION = YES;
				CLANG_WARN_OBJC_IMPLICIT_RETAIN_SELF = YES;
				CLANG_WARN_OBJC_LITERAL_CONVERSION = YES;
				CLANG_WARN_OBJC_ROOT_CLASS = YES_ERROR;
				CLANG_WARN_QUOTED_INCLUDE_IN_FRAMEWORK_HEADER = YES;
				CLANG_WARN_RANGE_LOOP_ANALYSIS = YES;
				CLANG_WARN_STRICT_PROTOTYPES = YES;
				CLANG_WARN_SUSPICIOUS_MOVE = YES;
				CLANG_WARN_UNGUARDED_AVAILABILITY = YES_AGGRESSIVE;
				CLANG_WARN_UNREACHABLE_CODE = YES;
				CLANG_WARN__DUPLICATE_METHOD_MATCH = YES;
				COPY_PHASE_STRIP = NO;
				DEBUG_INFORMATION_FORMAT = dwarf;
				ENABLE_STRICT_OBJC_MSGSEND = YES;
				ENABLE_TESTABILITY = YES;
				GCC_C_LANGUAGE_STANDARD = gnu11;
				GCC_DYNAMIC_NO_PIC = NO;
				GCC_NO_COMMON_BLOCKS = YES;
				GCC_OPTIMIZATION_LEVEL = 0;
				GCC_PREPROCESSOR_DEFINITIONS = (
					"DEBUG=1",
					"$(inherited)",
				);
				GCC_WARN_64_TO_32_BIT_CONVERSION = YES;
				GCC_WARN_ABOUT_RETURN_TYPE = YES_ERROR;
				GCC_WARN_UNDECLARED_SELECTOR = YES;
				GCC_WARN_UNINITIALIZED_AUTOS = YES_AGGRESSIVE;
				GCC_WARN_UNUSED_FUNCTION = YES;
				GCC_WARN_UNUSED_VARIABLE = YES;
				IPHONEOS_DEPLOYMENT_TARGET = 14.4;
				MTL_ENABLE_DEBUG_INFO = INCLUDE_SOURCE;
				MTL_FAST_MATH = YES;
				ONLY_ACTIVE_ARCH = YES;
				SDKROOT = iphoneos;
				SWIFT_ACTIVE_COMPILATION_CONDITIONS = DEBUG;
				SWIFT_OPTIMIZATION_LEVEL = "-Onone";
			};
			name = Debug;
		};
		F0BB30A02671150500EC3DE3 /* Release */ = {
			isa = XCBuildConfiguration;
			buildSettings = {
				ALWAYS_SEARCH_USER_PATHS = NO;
				CLANG_ANALYZER_NONNULL = YES;
				CLANG_ANALYZER_NUMBER_OBJECT_CONVERSION = YES_AGGRESSIVE;
				CLANG_CXX_LANGUAGE_STANDARD = "gnu++14";
				CLANG_CXX_LIBRARY = "libc++";
				CLANG_ENABLE_MODULES = YES;
				CLANG_ENABLE_OBJC_ARC = YES;
				CLANG_ENABLE_OBJC_WEAK = YES;
				CLANG_WARN_BLOCK_CAPTURE_AUTORELEASING = YES;
				CLANG_WARN_BOOL_CONVERSION = YES;
				CLANG_WARN_COMMA = YES;
				CLANG_WARN_CONSTANT_CONVERSION = YES;
				CLANG_WARN_DEPRECATED_OBJC_IMPLEMENTATIONS = YES;
				CLANG_WARN_DIRECT_OBJC_ISA_USAGE = YES_ERROR;
				CLANG_WARN_DOCUMENTATION_COMMENTS = YES;
				CLANG_WARN_EMPTY_BODY = YES;
				CLANG_WARN_ENUM_CONVERSION = YES;
				CLANG_WARN_INFINITE_RECURSION = YES;
				CLANG_WARN_INT_CONVERSION = YES;
				CLANG_WARN_NON_LITERAL_NULL_CONVERSION = YES;
				CLANG_WARN_OBJC_IMPLICIT_RETAIN_SELF = YES;
				CLANG_WARN_OBJC_LITERAL_CONVERSION = YES;
				CLANG_WARN_OBJC_ROOT_CLASS = YES_ERROR;
				CLANG_WARN_QUOTED_INCLUDE_IN_FRAMEWORK_HEADER = YES;
				CLANG_WARN_RANGE_LOOP_ANALYSIS = YES;
				CLANG_WARN_STRICT_PROTOTYPES = YES;
				CLANG_WARN_SUSPICIOUS_MOVE = YES;
				CLANG_WARN_UNGUARDED_AVAILABILITY = YES_AGGRESSIVE;
				CLANG_WARN_UNREACHABLE_CODE = YES;
				CLANG_WARN__DUPLICATE_METHOD_MATCH = YES;
				COPY_PHASE_STRIP = NO;
				DEBUG_INFORMATION_FORMAT = "dwarf-with-dsym";
				ENABLE_NS_ASSERTIONS = NO;
				ENABLE_STRICT_OBJC_MSGSEND = YES;
				GCC_C_LANGUAGE_STANDARD = gnu11;
				GCC_NO_COMMON_BLOCKS = YES;
				GCC_WARN_64_TO_32_BIT_CONVERSION = YES;
				GCC_WARN_ABOUT_RETURN_TYPE = YES_ERROR;
				GCC_WARN_UNDECLARED_SELECTOR = YES;
				GCC_WARN_UNINITIALIZED_AUTOS = YES_AGGRESSIVE;
				GCC_WARN_UNUSED_FUNCTION = YES;
				GCC_WARN_UNUSED_VARIABLE = YES;
				IPHONEOS_DEPLOYMENT_TARGET = 14.4;
				MTL_ENABLE_DEBUG_INFO = NO;
				MTL_FAST_MATH = YES;
				SDKROOT = iphoneos;
				SWIFT_COMPILATION_MODE = wholemodule;
				SWIFT_OPTIMIZATION_LEVEL = "-O";
				VALIDATE_PRODUCT = YES;
			};
			name = Release;
		};
		F0BB30A22671150500EC3DE3 /* Debug */ = {
			isa = XCBuildConfiguration;
			baseConfigurationReference = 87A19CF6A5876F3A23A8D2AD /* Pods-FeelChat.debug.xcconfig */;
			buildSettings = {
				ASSETCATALOG_COMPILER_APPICON_NAME = AppIcon;
				ASSETCATALOG_COMPILER_GLOBAL_ACCENT_COLOR_NAME = AccentColor;
				CODE_SIGN_STYLE = Automatic;
				DEVELOPMENT_TEAM = A5473VPV64;
				INFOPLIST_FILE = FeelChat/Info.plist;
				LD_RUNPATH_SEARCH_PATHS = (
					"$(inherited)",
					"@executable_path/Frameworks",
				);
				PRODUCT_BUNDLE_IDENTIFIER = com.Feel.Chat.2021.FeelChat;
				PRODUCT_NAME = "$(TARGET_NAME)";
				SWIFT_VERSION = 5.0;
				TARGETED_DEVICE_FAMILY = "1,2";
			};
			name = Debug;
		};
		F0BB30A32671150500EC3DE3 /* Release */ = {
			isa = XCBuildConfiguration;
			baseConfigurationReference = 91A8CB6C0E6E4149F63DC19F /* Pods-FeelChat.release.xcconfig */;
			buildSettings = {
				ASSETCATALOG_COMPILER_APPICON_NAME = AppIcon;
				ASSETCATALOG_COMPILER_GLOBAL_ACCENT_COLOR_NAME = AccentColor;
				CODE_SIGN_STYLE = Automatic;
				DEVELOPMENT_TEAM = A5473VPV64;
				INFOPLIST_FILE = FeelChat/Info.plist;
				LD_RUNPATH_SEARCH_PATHS = (
					"$(inherited)",
					"@executable_path/Frameworks",
				);
				PRODUCT_BUNDLE_IDENTIFIER = com.Feel.Chat.2021.FeelChat;
				PRODUCT_NAME = "$(TARGET_NAME)";
				SWIFT_VERSION = 5.0;
				TARGETED_DEVICE_FAMILY = "1,2";
			};
			name = Release;
		};
/* End XCBuildConfiguration section */

/* Begin XCConfigurationList section */
		F0BB30882671150200EC3DE3 /* Build configuration list for PBXProject "FeelChat" */ = {
			isa = XCConfigurationList;
			buildConfigurations = (
				F0BB309F2671150500EC3DE3 /* Debug */,
				F0BB30A02671150500EC3DE3 /* Release */,
			);
			defaultConfigurationIsVisible = 0;
			defaultConfigurationName = Release;
		};
		F0BB30A12671150500EC3DE3 /* Build configuration list for PBXNativeTarget "FeelChat" */ = {
			isa = XCConfigurationList;
			buildConfigurations = (
				F0BB30A22671150500EC3DE3 /* Debug */,
				F0BB30A32671150500EC3DE3 /* Release */,
			);
			defaultConfigurationIsVisible = 0;
			defaultConfigurationName = Release;
		};
/* End XCConfigurationList section */

/* Begin XCRemoteSwiftPackageReference section */
		F01DBBDC26765AC100034F3C /* XCRemoteSwiftPackageReference "IQKeyboardManager" */ = {
			isa = XCRemoteSwiftPackageReference;
			repositoryURL = "https://github.com/hackiftekhar/IQKeyboardManager";
			requirement = {
				kind = upToNextMajorVersion;
				minimumVersion = 6.5.6;
			};
		};
/* End XCRemoteSwiftPackageReference section */

/* Begin XCSwiftPackageProductDependency section */
		F01DBBDD26765AC100034F3C /* IQKeyboardManagerSwift */ = {
			isa = XCSwiftPackageProductDependency;
			package = F01DBBDC26765AC100034F3C /* XCRemoteSwiftPackageReference "IQKeyboardManager" */;
			productName = IQKeyboardManagerSwift;
		};
/* End XCSwiftPackageProductDependency section */
	};
	rootObject = F0BB30852671150200EC3DE3 /* Project object */;
}
